
Microsoft Visual Studio Solution File, Format Version 12.00
# Visual Studio Version 17
VisualStudioVersion = 17.5.002.0
MinimumVisualStudioVersion = 10.0.40219.1
Project("{9A19103F-16F7-4668-BE54-9A1E7A4F7556}") = "taboadaDeUmNumero", "taboadaDeUmNumero.csproj", "{F72E9314-71ED-4DE5-9A8E-8DF3A3264E37}"
EndProject
Global
	GlobalSection(SolutionConfigurationPlatforms) = preSolution
		Debug|Any CPU = Debug|Any CPU
		Release|Any CPU = Release|Any CPU
	EndGlobalSection
	GlobalSection(ProjectConfigurationPlatforms) = postSolution
		{F72E9314-71ED-4DE5-9A8E-8DF3A3264E37}.Debug|Any CPU.ActiveCfg = Debug|Any CPU
		{F72E9314-71ED-4DE5-9A8E-8DF3A3264E37}.Debug|Any CPU.Build.0 = Debug|Any CPU
		{F72E9314-71ED-4DE5-9A8E-8DF3A3264E37}.Release|Any CPU.ActiveCfg = Release|Any CPU
		{F72E9314-71ED-4DE5-9A8E-8DF3A3264E37}.Release|Any CPU.Build.0 = Release|Any CPU
	EndGlobalSection
	GlobalSection(SolutionProperties) = preSolution
		HideSolutionNode = FALSE
	EndGlobalSection
	GlobalSection(ExtensibilityGlobals) = postSolution
		SolutionGuid = {D9E98633-17B3-4F44-8F2A-1BA806CD6026}
	EndGlobalSection
EndGlobal
