
Microsoft Visual Studio Solution File, Format Version 12.00
# Visual Studio Version 17
VisualStudioVersion = 17.5.002.0
MinimumVisualStudioVersion = 10.0.40219.1
Project("{9A19103F-16F7-4668-BE54-9A1E7A4F7556}") = "SomaDeNumeros", "SomaDeNumeros.csproj", "{4D4178B5-5FAC-495B-8BEA-32D82EA6E7E0}"
EndProject
Global
	GlobalSection(SolutionConfigurationPlatforms) = preSolution
		Debug|Any CPU = Debug|Any CPU
		Release|Any CPU = Release|Any CPU
	EndGlobalSection
	GlobalSection(ProjectConfigurationPlatforms) = postSolution
		{4D4178B5-5FAC-495B-8BEA-32D82EA6E7E0}.Debug|Any CPU.ActiveCfg = Debug|Any CPU
		{4D4178B5-5FAC-495B-8BEA-32D82EA6E7E0}.Debug|Any CPU.Build.0 = Debug|Any CPU
		{4D4178B5-5FAC-495B-8BEA-32D82EA6E7E0}.Release|Any CPU.ActiveCfg = Release|Any CPU
		{4D4178B5-5FAC-495B-8BEA-32D82EA6E7E0}.Release|Any CPU.Build.0 = Release|Any CPU
	EndGlobalSection
	GlobalSection(SolutionProperties) = preSolution
		HideSolutionNode = FALSE
	EndGlobalSection
	GlobalSection(ExtensibilityGlobals) = postSolution
		SolutionGuid = {6328A994-D096-47B9-A737-1602F2287F12}
	EndGlobalSection
EndGlobal
