
Microsoft Visual Studio Solution File, Format Version 12.00
# Visual Studio Version 17
VisualStudioVersion = 17.5.002.0
MinimumVisualStudioVersion = 10.0.40219.1
Project("{9A19103F-16F7-4668-BE54-9A1E7A4F7556}") = "EditorDeTextoSimples", "EditorDeTextoSimples.csproj", "{1D8BE7B1-6366-4292-B380-9D5F1A9BB06C}"
EndProject
Global
	GlobalSection(SolutionConfigurationPlatforms) = preSolution
		Debug|Any CPU = Debug|Any CPU
		Release|Any CPU = Release|Any CPU
	EndGlobalSection
	GlobalSection(ProjectConfigurationPlatforms) = postSolution
		{1D8BE7B1-6366-4292-B380-9D5F1A9BB06C}.Debug|Any CPU.ActiveCfg = Debug|Any CPU
		{1D8BE7B1-6366-4292-B380-9D5F1A9BB06C}.Debug|Any CPU.Build.0 = Debug|Any CPU
		{1D8BE7B1-6366-4292-B380-9D5F1A9BB06C}.Release|Any CPU.ActiveCfg = Release|Any CPU
		{1D8BE7B1-6366-4292-B380-9D5F1A9BB06C}.Release|Any CPU.Build.0 = Release|Any CPU
	EndGlobalSection
	GlobalSection(SolutionProperties) = preSolution
		HideSolutionNode = FALSE
	EndGlobalSection
	GlobalSection(ExtensibilityGlobals) = postSolution
		SolutionGuid = {81A45D29-BF2E-4A49-9EA4-48017B101AEA}
	EndGlobalSection
EndGlobal
