
Microsoft Visual Studio Solution File, Format Version 12.00
# Visual Studio Version 17
VisualStudioVersion = 17.5.002.0
MinimumVisualStudioVersion = 10.0.40219.1
Project("{9A19103F-16F7-4668-BE54-9A1E7A4F7556}") = "EditorDeTextoSimples2", "EditorDeTextoSimples2.csproj", "{E4FDA143-9D2D-4057-91A3-D135D2E11221}"
EndProject
Global
	GlobalSection(SolutionConfigurationPlatforms) = preSolution
		Debug|Any CPU = Debug|Any CPU
		Release|Any CPU = Release|Any CPU
	EndGlobalSection
	GlobalSection(ProjectConfigurationPlatforms) = postSolution
		{E4FDA143-9D2D-4057-91A3-D135D2E11221}.Debug|Any CPU.ActiveCfg = Debug|Any CPU
		{E4FDA143-9D2D-4057-91A3-D135D2E11221}.Debug|Any CPU.Build.0 = Debug|Any CPU
		{E4FDA143-9D2D-4057-91A3-D135D2E11221}.Release|Any CPU.ActiveCfg = Release|Any CPU
		{E4FDA143-9D2D-4057-91A3-D135D2E11221}.Release|Any CPU.Build.0 = Release|Any CPU
	EndGlobalSection
	GlobalSection(SolutionProperties) = preSolution
		HideSolutionNode = FALSE
	EndGlobalSection
	GlobalSection(ExtensibilityGlobals) = postSolution
		SolutionGuid = {13552790-C0BA-408F-A993-A355E31CFC0D}
	EndGlobalSection
EndGlobal
